
Microsoft Visual Studio Solution File, Format Version 12.00
# Visual Studio Version 16
VisualStudioVersion = 16.0.31112.23
MinimumVisualStudioVersion = 10.0.40219.1
Project("{9A19103F-16F7-4668-BE54-9A1E7A4F7556}") = "audiobookshelf", "audiobookshelf\audiobookshelf.csproj", "{01BD53E2-0251-472C-A23D-B788874D8770}"
EndProject
Global
	GlobalSection(SolutionConfigurationPlatforms) = preSolution
		Debug|Any CPU = Debug|Any CPU
		Release|Any CPU = Release|Any CPU
	EndGlobalSection
	GlobalSection(ProjectConfigurationPlatforms) = postSolution
		{01BD53E2-0251-472C-A23D-B788874D8770}.Debug|Any CPU.ActiveCfg = Debug|Any CPU
		{01BD53E2-0251-472C-A23D-B788874D8770}.Debug|Any CPU.Build.0 = Debug|Any CPU
		{01BD53E2-0251-472C-A23D-B788874D8770}.Release|Any CPU.ActiveCfg = Release|Any CPU
		{01BD53E2-0251-472C-A23D-B788874D8770}.Release|Any CPU.Build.0 = Release|Any CPU
	EndGlobalSection
	GlobalSection(SolutionProperties) = preSolution
		HideSolutionNode = FALSE
	EndGlobalSection
	GlobalSection(ExtensibilityGlobals) = postSolution
		SolutionGuid = {31ABA6D7-4A9A-479B-A7D8-D8C137D6476C}
	EndGlobalSection
EndGlobal
